
Microsoft Visual Studio Solution File, Format Version 12.00
# Visual Studio Version 16
VisualStudioVersion = 16.0.28922.388
MinimumVisualStudioVersion = 10.0.40219.1
Project("{FAE04EC0-301F-11D3-BF4B-00C04F79EFBC}") = "KinaUnaXamarin.Android", "KinaUnaXamarin\KinaUnaXamarin.Android\KinaUnaXamarin.Android.csproj", "{32DA6520-C650-427B-967A-EBF8B3CBC01E}"
EndProject
Project("{9A19103F-16F7-4668-BE54-9A1E7A4F7556}") = "KinaUnaXamarin", "KinaUnaXamarin\KinaUnaXamarin\KinaUnaXamarin.csproj", "{5B2D4A1E-41AF-4187-921D-E40331571C48}"
EndProject
Global
	GlobalSection(SolutionConfigurationPlatforms) = preSolution
		Debug|Any CPU = Debug|Any CPU
		Release|Any CPU = Release|Any CPU
	EndGlobalSection
	GlobalSection(ProjectConfigurationPlatforms) = postSolution
		{32DA6520-C650-427B-967A-EBF8B3CBC01E}.Debug|Any CPU.ActiveCfg = Debug|Any CPU
		{32DA6520-C650-427B-967A-EBF8B3CBC01E}.Debug|Any CPU.Build.0 = Debug|Any CPU
		{32DA6520-C650-427B-967A-EBF8B3CBC01E}.Debug|Any CPU.Deploy.0 = Debug|Any CPU
		{32DA6520-C650-427B-967A-EBF8B3CBC01E}.Release|Any CPU.ActiveCfg = Release|Any CPU
		{32DA6520-C650-427B-967A-EBF8B3CBC01E}.Release|Any CPU.Build.0 = Release|Any CPU
		{32DA6520-C650-427B-967A-EBF8B3CBC01E}.Release|Any CPU.Deploy.0 = Release|Any CPU
		{5B2D4A1E-41AF-4187-921D-E40331571C48}.Debug|Any CPU.ActiveCfg = Debug|Any CPU
		{5B2D4A1E-41AF-4187-921D-E40331571C48}.Debug|Any CPU.Build.0 = Debug|Any CPU
		{5B2D4A1E-41AF-4187-921D-E40331571C48}.Debug|Any CPU.Deploy.0 = Debug|Any CPU
		{5B2D4A1E-41AF-4187-921D-E40331571C48}.Release|Any CPU.ActiveCfg = Release|Any CPU
		{5B2D4A1E-41AF-4187-921D-E40331571C48}.Release|Any CPU.Build.0 = Release|Any CPU
		{5B2D4A1E-41AF-4187-921D-E40331571C48}.Release|Any CPU.Deploy.0 = Release|Any CPU
	EndGlobalSection
	GlobalSection(SolutionProperties) = preSolution
		HideSolutionNode = FALSE
	EndGlobalSection
	GlobalSection(ExtensibilityGlobals) = postSolution
		SolutionGuid = {33284EAC-1F9C-48D8-9C96-D34EA9EA39FE}
	EndGlobalSection
EndGlobal
